{
  "name": "@tkustov/nota",
  "version": "0.1.0",
  "lockfileVersion": 3,
  "requires": true,
  "packages": {
    "": {
      "name": "@tkustov/nota",
      "version": "0.1.0",
      "license": "ISC",
      "workspaces": [
        "packages/kim-encoding",
        "packages/nota"
      ]
    },
    "node_modules/@tkustov/kim-encoding": {
      "resolved": "packages/kim-encoding",
      "link": true
    },
    "node_modules/@tkustov/nota": {
      "resolved": "packages/nota",
      "link": true
    },
    "packages/kim-encoding": {
      "name": "@tkustov/kim-encoding",
      "version": "1.0.0-alpha.2",
      "license": "ISC"
    },
    "packages/nota": {
      "name": "@tkustov/nota",
      "version": "1.0.0-alpha.0",
      "license": "ISC",
      "dependencies": {
        "@tkustov/kim-encoding": "^1.0.0-alpha.2"
      }
    }
  }
}
