{
  "name": "@tkustov/nota",
  "version": "0.1.0",
  "lockfileVersion": 3,
  "requires": true,
  "packages": {
    "": {
      "name": "@tkustov/nota",
      "version": "0.1.0",
      "license": "ISC",
      "workspaces": [
        "packages/kim-encoding"
      ]
    },
    "node_modules/@tkustov/kim-encoding": {
      "resolved": "packages/kim-encoding",
      "link": true
    },
    "packages/kim-encoding": {
      "name": "@tkustov/kim-encoding",
      "version": "0.1.0",
      "license": "ISC"
    }
  }
}
